
Microsoft Visual Studio Solution File, Format Version 12.00
Project("{FAE04EC0-301F-11D3-BF4B-00C04F79EFBC}") = "Fedodo.BE.Auth", "Fedodo.BE.Auth\Fedodo.BE.Auth.csproj", "{5D4E1A95-2538-42B8-8D7E-66652F0D9422}"
EndProject
Project("{2150E333-8FDC-42A3-9474-1A3956D46DE8}") = "GitHub", "GitHub", "{181ACF62-60A4-4E7A-8C31-24E8E7CA8E1A}"
	ProjectSection(SolutionItems) = preProject
		.gitignore = .gitignore
		.github\workflows\Build.yaml = .github\workflows\Build.yaml
		.github\workflows\DevBuild.yaml = .github\workflows\DevBuild.yaml
	EndProjectSection
EndProject
Project("{FAE04EC0-301F-11D3-BF4B-00C04F79EFBC}") = "Fedodo.BE.Auth.Test", "Fedodo.BE.Auth.Test\Fedodo.BE.Auth.Test.csproj", "{88F06A54-AD86-4AEE-A653-F703DB9E4886}"
EndProject
Global
	GlobalSection(SolutionConfigurationPlatforms) = preSolution
		Debug|Any CPU = Debug|Any CPU
		Release|Any CPU = Release|Any CPU
	EndGlobalSection
	GlobalSection(ProjectConfigurationPlatforms) = postSolution
		{5D4E1A95-2538-42B8-8D7E-66652F0D9422}.Debug|Any CPU.ActiveCfg = Debug|Any CPU
		{5D4E1A95-2538-42B8-8D7E-66652F0D9422}.Debug|Any CPU.Build.0 = Debug|Any CPU
		{5D4E1A95-2538-42B8-8D7E-66652F0D9422}.Release|Any CPU.ActiveCfg = Release|Any CPU
		{5D4E1A95-2538-42B8-8D7E-66652F0D9422}.Release|Any CPU.Build.0 = Release|Any CPU
		{88F06A54-AD86-4AEE-A653-F703DB9E4886}.Debug|Any CPU.ActiveCfg = Debug|Any CPU
		{88F06A54-AD86-4AEE-A653-F703DB9E4886}.Debug|Any CPU.Build.0 = Debug|Any CPU
		{88F06A54-AD86-4AEE-A653-F703DB9E4886}.Release|Any CPU.ActiveCfg = Release|Any CPU
		{88F06A54-AD86-4AEE-A653-F703DB9E4886}.Release|Any CPU.Build.0 = Release|Any CPU
	EndGlobalSection
EndGlobal
